// !$*UTF8*$!
{
	archiveVersion = 1;
	classes = {
	};
	objectVersion = 46;
	objects = {

/* Begin PBXBuildFile section */
		2B0B61B31BD56C160020D516 /* Create.storyboard in Resources */ = {isa = PBXBuildFile; fileRef = 2B0B61B21BD56C160020D516 /* Create.storyboard */; settings = {ASSET_TAGS = (); }; };
		2B0B61B51BD56C250020D516 /* User.storyboard in Resources */ = {isa = PBXBuildFile; fileRef = 2B0B61B41BD56C250020D516 /* User.storyboard */; settings = {ASSET_TAGS = (); }; };
		2B0B61BB1BD56EB60020D516 /* SelfieTableViewController.m in Sources */ = {isa = PBXBuildFile; fileRef = 2B0B61BA1BD56EB60020D516 /* SelfieTableViewController.m */; settings = {ASSET_TAGS = (); }; };
		2B0B61BE1BD56ECF0020D516 /* SelfieDetailViewController.m in Sources */ = {isa = PBXBuildFile; fileRef = 2B0B61BD1BD56ECF0020D516 /* SelfieDetailViewController.m */; settings = {ASSET_TAGS = (); }; };
		2B0B61C11BD5704D0020D516 /* SelfieTableViewCell.m in Sources */ = {isa = PBXBuildFile; fileRef = 2B0B61C01BD5704D0020D516 /* SelfieTableViewCell.m */; settings = {ASSET_TAGS = (); }; };
		2B0B61C41BD578030020D516 /* CaptureViewController.m in Sources */ = {isa = PBXBuildFile; fileRef = 2B0B61C31BD578030020D516 /* CaptureViewController.m */; settings = {ASSET_TAGS = (); }; };
		2B0B61C71BD578240020D516 /* FilterViewController.m in Sources */ = {isa = PBXBuildFile; fileRef = 2B0B61C61BD578240020D516 /* FilterViewController.m */; settings = {ASSET_TAGS = (); }; };
		2B0B61CA1BD578390020D516 /* SubmitViewController.m in Sources */ = {isa = PBXBuildFile; fileRef = 2B0B61C91BD578390020D516 /* SubmitViewController.m */; settings = {ASSET_TAGS = (); }; };
		2B0B61CD1BD578750020D516 /* FilterDataSource.m in Sources */ = {isa = PBXBuildFile; fileRef = 2B0B61CC1BD578750020D516 /* FilterDataSource.m */; settings = {ASSET_TAGS = (); }; };
		2B0B61D21BD579A60020D516 /* FilterCollectionViewCell.m in Sources */ = {isa = PBXBuildFile; fileRef = 2B0B61D11BD579A60020D516 /* FilterCollectionViewCell.m */; settings = {ASSET_TAGS = (); }; };
		2B0B61D51BD580B50020D516 /* ChoiceViewController.m in Sources */ = {isa = PBXBuildFile; fileRef = 2B0B61D41BD580B50020D516 /* ChoiceViewController.m */; settings = {ASSET_TAGS = (); }; };
		2B0B61D81BD580D40020D516 /* LoginViewController.m in Sources */ = {isa = PBXBuildFile; fileRef = 2B0B61D71BD580D40020D516 /* LoginViewController.m */; settings = {ASSET_TAGS = (); }; };
		2B0B61DB1BD580FF0020D516 /* RegisterViewController.m in Sources */ = {isa = PBXBuildFile; fileRef = 2B0B61DA1BD580FF0020D516 /* RegisterViewController.m */; settings = {ASSET_TAGS = (); }; };
		2B0B61DE1BD5816F0020D516 /* AvatarViewController.m in Sources */ = {isa = PBXBuildFile; fileRef = 2B0B61DD1BD5816F0020D516 /* AvatarViewController.m */; settings = {ASSET_TAGS = (); }; };
		2B5141441BD67625005A3C69 /* libsqlite3.dylib in Frameworks */ = {isa = PBXBuildFile; fileRef = 2B5141361BD67625005A3C69 /* libsqlite3.dylib */; settings = {ASSET_TAGS = (); }; };
		2B5141451BD67625005A3C69 /* libz.1.dylib in Frameworks */ = {isa = PBXBuildFile; fileRef = 2B5141371BD67625005A3C69 /* libz.1.dylib */; settings = {ASSET_TAGS = (); }; };
		2B5141461BD67625005A3C69 /* AudioToolbox.framework in Frameworks */ = {isa = PBXBuildFile; fileRef = 2B5141381BD67625005A3C69 /* AudioToolbox.framework */; settings = {ASSET_TAGS = (); }; };
		2B5141471BD67625005A3C69 /* CFNetwork.framework in Frameworks */ = {isa = PBXBuildFile; fileRef = 2B5141391BD67625005A3C69 /* CFNetwork.framework */; settings = {ASSET_TAGS = (); }; };
		2B5141481BD67625005A3C69 /* CoreGraphics.framework in Frameworks */ = {isa = PBXBuildFile; fileRef = 2B51413A1BD67625005A3C69 /* CoreGraphics.framework */; settings = {ASSET_TAGS = (); }; };
		2B5141491BD67625005A3C69 /* CoreLocation.framework in Frameworks */ = {isa = PBXBuildFile; fileRef = 2B51413B1BD67625005A3C69 /* CoreLocation.framework */; settings = {ASSET_TAGS = (); }; };
		2B51414A1BD67625005A3C69 /* libz.tbd in Frameworks */ = {isa = PBXBuildFile; fileRef = 2B51413C1BD67625005A3C69 /* libz.tbd */; settings = {ASSET_TAGS = (); }; };
		2B51414B1BD67625005A3C69 /* QuartzCore.framework in Frameworks */ = {isa = PBXBuildFile; fileRef = 2B51413D1BD67625005A3C69 /* QuartzCore.framework */; settings = {ASSET_TAGS = (); }; };
		2B51414C1BD67625005A3C69 /* Security.framework in Frameworks */ = {isa = PBXBuildFile; fileRef = 2B51413E1BD67625005A3C69 /* Security.framework */; settings = {ASSET_TAGS = (); }; };
		2B51414D1BD67625005A3C69 /* StoreKit.framework in Frameworks */ = {isa = PBXBuildFile; fileRef = 2B51413F1BD67625005A3C69 /* StoreKit.framework */; settings = {ASSET_TAGS = (); }; };
		2B51414E1BD67625005A3C69 /* SystemConfiguration.framework in Frameworks */ = {isa = PBXBuildFile; fileRef = 2B5141401BD67625005A3C69 /* SystemConfiguration.framework */; settings = {ASSET_TAGS = (); }; };
		2B51414F1BD67625005A3C69 /* libsqlite3.tbd in Frameworks */ = {isa = PBXBuildFile; fileRef = 2B5141411BD67625005A3C69 /* libsqlite3.tbd */; settings = {ASSET_TAGS = (); }; };
		2B5141501BD67625005A3C69 /* Bolts.framework in Frameworks */ = {isa = PBXBuildFile; fileRef = 2B5141421BD67625005A3C69 /* Bolts.framework */; settings = {ASSET_TAGS = (); }; };
		2B5141511BD67625005A3C69 /* Parse.framework in Frameworks */ = {isa = PBXBuildFile; fileRef = 2B5141431BD67625005A3C69 /* Parse.framework */; settings = {ASSET_TAGS = (); }; };
		2B8704FE1BD526C500650F47 /* main.m in Sources */ = {isa = PBXBuildFile; fileRef = 2B8704FD1BD526C500650F47 /* main.m */; };
		2B8705011BD526C500650F47 /* AppDelegate.m in Sources */ = {isa = PBXBuildFile; fileRef = 2B8705001BD526C500650F47 /* AppDelegate.m */; };
		2B8705071BD526C500650F47 /* Main.storyboard in Resources */ = {isa = PBXBuildFile; fileRef = 2B8705051BD526C500650F47 /* Main.storyboard */; };
		2B8705091BD526C500650F47 /* Assets.xcassets in Resources */ = {isa = PBXBuildFile; fileRef = 2B8705081BD526C500650F47 /* Assets.xcassets */; };
		2B87050C1BD526C500650F47 /* LaunchScreen.storyboard in Resources */ = {isa = PBXBuildFile; fileRef = 2B87050A1BD526C500650F47 /* LaunchScreen.storyboard */; };
/* End PBXBuildFile section */

/* Begin PBXFileReference section */
		2B0B61B21BD56C160020D516 /* Create.storyboard */ = {isa = PBXFileReference; fileEncoding = 4; lastKnownFileType = file.storyboard; name = Create.storyboard; path = ../Create.storyboard; sourceTree = "<group>"; };
		2B0B61B41BD56C250020D516 /* User.storyboard */ = {isa = PBXFileReference; fileEncoding = 4; lastKnownFileType = file.storyboard; name = User.storyboard; path = ../User.storyboard; sourceTree = "<group>"; };
		2B0B61B91BD56EB60020D516 /* SelfieTableViewController.h */ = {isa = PBXFileReference; fileEncoding = 4; lastKnownFileType = sourcecode.c.h; path = SelfieTableViewController.h; sourceTree = "<group>"; };
		2B0B61BA1BD56EB60020D516 /* SelfieTableViewController.m */ = {isa = PBXFileReference; fileEncoding = 4; lastKnownFileType = sourcecode.c.objc; path = SelfieTableViewController.m; sourceTree = "<group>"; };
		2B0B61BC1BD56ECF0020D516 /* SelfieDetailViewController.h */ = {isa = PBXFileReference; fileEncoding = 4; lastKnownFileType = sourcecode.c.h; path = SelfieDetailViewController.h; sourceTree = "<group>"; };
		2B0B61BD1BD56ECF0020D516 /* SelfieDetailViewController.m */ = {isa = PBXFileReference; fileEncoding = 4; lastKnownFileType = sourcecode.c.objc; path = SelfieDetailViewController.m; sourceTree = "<group>"; };
		2B0B61BF1BD5704D0020D516 /* SelfieTableViewCell.h */ = {isa = PBXFileReference; fileEncoding = 4; lastKnownFileType = sourcecode.c.h; path = SelfieTableViewCell.h; sourceTree = "<group>"; };
		2B0B61C01BD5704D0020D516 /* SelfieTableViewCell.m */ = {isa = PBXFileReference; fileEncoding = 4; lastKnownFileType = sourcecode.c.objc; path = SelfieTableViewCell.m; sourceTree = "<group>"; };
		2B0B61C21BD578030020D516 /* CaptureViewController.h */ = {isa = PBXFileReference; fileEncoding = 4; lastKnownFileType = sourcecode.c.h; path = CaptureViewController.h; sourceTree = "<group>"; };
		2B0B61C31BD578030020D516 /* CaptureViewController.m */ = {isa = PBXFileReference; fileEncoding = 4; lastKnownFileType = sourcecode.c.objc; path = CaptureViewController.m; sourceTree = "<group>"; };
		2B0B61C51BD578240020D516 /* FilterViewController.h */ = {isa = PBXFileReference; fileEncoding = 4; lastKnownFileType = sourcecode.c.h; path = FilterViewController.h; sourceTree = "<group>"; };
		2B0B61C61BD578240020D516 /* FilterViewController.m */ = {isa = PBXFileReference; fileEncoding = 4; lastKnownFileType = sourcecode.c.objc; path = FilterViewController.m; sourceTree = "<group>"; };
		2B0B61C81BD578390020D516 /* SubmitViewController.h */ = {isa = PBXFileReference; fileEncoding = 4; lastKnownFileType = sourcecode.c.h; path = SubmitViewController.h; sourceTree = "<group>"; };
		2B0B61C91BD578390020D516 /* SubmitViewController.m */ = {isa = PBXFileReference; fileEncoding = 4; lastKnownFileType = sourcecode.c.objc; path = SubmitViewController.m; sourceTree = "<group>"; };
		2B0B61CB1BD578750020D516 /* FilterDataSource.h */ = {isa = PBXFileReference; fileEncoding = 4; lastKnownFileType = sourcecode.c.h; path = FilterDataSource.h; sourceTree = "<group>"; };
		2B0B61CC1BD578750020D516 /* FilterDataSource.m */ = {isa = PBXFileReference; fileEncoding = 4; lastKnownFileType = sourcecode.c.objc; path = FilterDataSource.m; sourceTree = "<group>"; };
		2B0B61D01BD579A60020D516 /* FilterCollectionViewCell.h */ = {isa = PBXFileReference; fileEncoding = 4; lastKnownFileType = sourcecode.c.h; path = FilterCollectionViewCell.h; sourceTree = "<group>"; };
		2B0B61D11BD579A60020D516 /* FilterCollectionViewCell.m */ = {isa = PBXFileReference; fileEncoding = 4; lastKnownFileType = sourcecode.c.objc; path = FilterCollectionViewCell.m; sourceTree = "<group>"; };
		2B0B61D31BD580B50020D516 /* ChoiceViewController.h */ = {isa = PBXFileReference; fileEncoding = 4; lastKnownFileType = sourcecode.c.h; path = ChoiceViewController.h; sourceTree = "<group>"; };
		2B0B61D41BD580B50020D516 /* ChoiceViewController.m */ = {isa = PBXFileReference; fileEncoding = 4; lastKnownFileType = sourcecode.c.objc; path = ChoiceViewController.m; sourceTree = "<group>"; };
		2B0B61D61BD580D40020D516 /* LoginViewController.h */ = {isa = PBXFileReference; fileEncoding = 4; lastKnownFileType = sourcecode.c.h; path = LoginViewController.h; sourceTree = "<group>"; };
		2B0B61D71BD580D40020D516 /* LoginViewController.m */ = {isa = PBXFileReference; fileEncoding = 4; lastKnownFileType = sourcecode.c.objc; path = LoginViewController.m; sourceTree = "<group>"; };
		2B0B61D91BD580FF0020D516 /* RegisterViewController.h */ = {isa = PBXFileReference; fileEncoding = 4; lastKnownFileType = sourcecode.c.h; path = RegisterViewController.h; sourceTree = "<group>"; };
		2B0B61DA1BD580FF0020D516 /* RegisterViewController.m */ = {isa = PBXFileReference; fileEncoding = 4; lastKnownFileType = sourcecode.c.objc; path = RegisterViewController.m; sourceTree = "<group>"; };
		2B0B61DC1BD5816F0020D516 /* AvatarViewController.h */ = {isa = PBXFileReference; fileEncoding = 4; lastKnownFileType = sourcecode.c.h; path = AvatarViewController.h; sourceTree = "<group>"; };
		2B0B61DD1BD5816F0020D516 /* AvatarViewController.m */ = {isa = PBXFileReference; fileEncoding = 4; lastKnownFileType = sourcecode.c.objc; path = AvatarViewController.m; sourceTree = "<group>"; };
		2B5141361BD67625005A3C69 /* libsqlite3.dylib */ = {isa = PBXFileReference; lastKnownFileType = "compiled.mach-o.dylib"; name = libsqlite3.dylib; path = ../../../../../../../usr/lib/libsqlite3.dylib; sourceTree = "<group>"; };
		2B5141371BD67625005A3C69 /* libz.1.dylib */ = {isa = PBXFileReference; lastKnownFileType = "compiled.mach-o.dylib"; name = libz.1.dylib; path = ../../../../../../../usr/lib/libz.1.dylib; sourceTree = "<group>"; };
		2B5141381BD67625005A3C69 /* AudioToolbox.framework */ = {isa = PBXFileReference; lastKnownFileType = wrapper.framework; name = AudioToolbox.framework; path = System/Library/Frameworks/AudioToolbox.framework; sourceTree = SDKROOT; };
		2B5141391BD67625005A3C69 /* CFNetwork.framework */ = {isa = PBXFileReference; lastKnownFileType = wrapper.framework; name = CFNetwork.framework; path = System/Library/Frameworks/CFNetwork.framework; sourceTree = SDKROOT; };
		2B51413A1BD67625005A3C69 /* CoreGraphics.framework */ = {isa = PBXFileReference; lastKnownFileType = wrapper.framework; name = CoreGraphics.framework; path = System/Library/Frameworks/CoreGraphics.framework; sourceTree = SDKROOT; };
		2B51413B1BD67625005A3C69 /* CoreLocation.framework */ = {isa = PBXFileReference; lastKnownFileType = wrapper.framework; name = CoreLocation.framework; path = System/Library/Frameworks/CoreLocation.framework; sourceTree = SDKROOT; };
		2B51413C1BD67625005A3C69 /* libz.tbd */ = {isa = PBXFileReference; fileEncoding = 4; lastKnownFileType = "sourcecode.text-based-dylib-definition"; name = libz.tbd; path = usr/lib/libz.tbd; sourceTree = SDKROOT; };
		2B51413D1BD67625005A3C69 /* QuartzCore.framework */ = {isa = PBXFileReference; lastKnownFileType = wrapper.framework; name = QuartzCore.framework; path = System/Library/Frameworks/QuartzCore.framework; sourceTree = SDKROOT; };
		2B51413E1BD67625005A3C69 /* Security.framework */ = {isa = PBXFileReference; lastKnownFileType = wrapper.framework; name = Security.framework; path = System/Library/Frameworks/Security.framework; sourceTree = SDKROOT; };
		2B51413F1BD67625005A3C69 /* StoreKit.framework */ = {isa = PBXFileReference; lastKnownFileType = wrapper.framework; name = StoreKit.framework; path = System/Library/Frameworks/StoreKit.framework; sourceTree = SDKROOT; };
		2B5141401BD67625005A3C69 /* SystemConfiguration.framework */ = {isa = PBXFileReference; lastKnownFileType = wrapper.framework; name = SystemConfiguration.framework; path = System/Library/Frameworks/SystemConfiguration.framework; sourceTree = SDKROOT; };
		2B5141411BD67625005A3C69 /* libsqlite3.tbd */ = {isa = PBXFileReference; fileEncoding = 4; lastKnownFileType = "sourcecode.text-based-dylib-definition"; name = libsqlite3.tbd; path = usr/lib/libsqlite3.tbd; sourceTree = SDKROOT; };
		2B5141421BD67625005A3C69 /* Bolts.framework */ = {isa = PBXFileReference; lastKnownFileType = wrapper.framework; name = Bolts.framework; path = ../../../../_resources/Frameworks/Parse/Bolts.framework; sourceTree = "<group>"; };
		2B5141431BD67625005A3C69 /* Parse.framework */ = {isa = PBXFileReference; lastKnownFileType = wrapper.framework; name = Parse.framework; path = ../../../../_resources/Frameworks/Parse/Parse.framework; sourceTree = "<group>"; };
		2B8704F91BD526C500650F47 /* Camera.app */ = {isa = PBXFileReference; explicitFileType = wrapper.application; includeInIndex = 0; path = Camera.app; sourceTree = BUILT_PRODUCTS_DIR; };
		2B8704FD1BD526C500650F47 /* main.m */ = {isa = PBXFileReference; lastKnownFileType = sourcecode.c.objc; path = main.m; sourceTree = "<group>"; };
		2B8704FF1BD526C500650F47 /* AppDelegate.h */ = {isa = PBXFileReference; lastKnownFileType = sourcecode.c.h; path = AppDelegate.h; sourceTree = "<group>"; };
		2B8705001BD526C500650F47 /* AppDelegate.m */ = {isa = PBXFileReference; lastKnownFileType = sourcecode.c.objc; path = AppDelegate.m; sourceTree = "<group>"; };
		2B8705061BD526C500650F47 /* Base */ = {isa = PBXFileReference; lastKnownFileType = file.storyboard; name = Base; path = Base.lproj/Main.storyboard; sourceTree = "<group>"; };
		2B8705081BD526C500650F47 /* Assets.xcassets */ = {isa = PBXFileReference; lastKnownFileType = folder.assetcatalog; path = Assets.xcassets; sourceTree = "<group>"; };
		2B87050B1BD526C500650F47 /* Base */ = {isa = PBXFileReference; lastKnownFileType = file.storyboard; name = Base; path = Base.lproj/LaunchScreen.storyboard; sourceTree = "<group>"; };
		2B87050D1BD526C500650F47 /* Info.plist */ = {isa = PBXFileReference; lastKnownFileType = text.plist.xml; path = Info.plist; sourceTree = "<group>"; };
		2B9666F51BD8106500E87500 /* ImageEditing.h */ = {isa = PBXFileReference; lastKnownFileType = sourcecode.c.h; name = ImageEditing.h; path = ../ImageEditing.h; sourceTree = "<group>"; };
/* End PBXFileReference section */

/* Begin PBXFrameworksBuildPhase section */
		2B8704F61BD526C500650F47 /* Frameworks */ = {
			isa = PBXFrameworksBuildPhase;
			buildActionMask = 2147483647;
			files = (
				2B51414B1BD67625005A3C69 /* QuartzCore.framework in Frameworks */,
				2B5141491BD67625005A3C69 /* CoreLocation.framework in Frameworks */,
				2B5141451BD67625005A3C69 /* libz.1.dylib in Frameworks */,
				2B51414A1BD67625005A3C69 /* libz.tbd in Frameworks */,
				2B5141441BD67625005A3C69 /* libsqlite3.dylib in Frameworks */,
				2B5141471BD67625005A3C69 /* CFNetwork.framework in Frameworks */,
				2B51414F1BD67625005A3C69 /* libsqlite3.tbd in Frameworks */,
				2B5141501BD67625005A3C69 /* Bolts.framework in Frameworks */,
				2B51414E1BD67625005A3C69 /* SystemConfiguration.framework in Frameworks */,
				2B5141481BD67625005A3C69 /* CoreGraphics.framework in Frameworks */,
				2B5141511BD67625005A3C69 /* Parse.framework in Frameworks */,
				2B51414D1BD67625005A3C69 /* StoreKit.framework in Frameworks */,
				2B51414C1BD67625005A3C69 /* Security.framework in Frameworks */,
				2B5141461BD67625005A3C69 /* AudioToolbox.framework in Frameworks */,
			);
			runOnlyForDeploymentPostprocessing = 0;
		};
/* End PBXFrameworksBuildPhase section */

/* Begin PBXGroup section */
		2B0B61B61BD56CD10020D516 /* MainFlow */ = {
			isa = PBXGroup;
			children = (
				2B0B61CE1BD578AA0020D516 /* TableView */,
				2B0B61B91BD56EB60020D516 /* SelfieTableViewController.h */,
				2B0B61BA1BD56EB60020D516 /* SelfieTableViewController.m */,
				2B0B61BC1BD56ECF0020D516 /* SelfieDetailViewController.h */,
				2B0B61BD1BD56ECF0020D516 /* SelfieDetailViewController.m */,
			);
			name = MainFlow;
			sourceTree = "<group>";
		};
		2B0B61B71BD56CDA0020D516 /* CreateFlow */ = {
			isa = PBXGroup;
			children = (
				2B0B61C21BD578030020D516 /* CaptureViewController.h */,
				2B0B61C31BD578030020D516 /* CaptureViewController.m */,
				2B0B61C51BD578240020D516 /* FilterViewController.h */,
				2B0B61C61BD578240020D516 /* FilterViewController.m */,
				2B0B61C81BD578390020D516 /* SubmitViewController.h */,
				2B0B61C91BD578390020D516 /* SubmitViewController.m */,
				2B0B61CF1BD578FA0020D516 /* FilterView */,
			);
			name = CreateFlow;
			sourceTree = "<group>";
		};
		2B0B61B81BD56CE80020D516 /* UserFlow */ = {
			isa = PBXGroup;
			children = (
				2B0B61D31BD580B50020D516 /* ChoiceViewController.h */,
				2B0B61D41BD580B50020D516 /* ChoiceViewController.m */,
				2B0B61D61BD580D40020D516 /* LoginViewController.h */,
				2B0B61D71BD580D40020D516 /* LoginViewController.m */,
				2B0B61D91BD580FF0020D516 /* RegisterViewController.h */,
				2B0B61DA1BD580FF0020D516 /* RegisterViewController.m */,
				2B0B61DC1BD5816F0020D516 /* AvatarViewController.h */,
				2B0B61DD1BD5816F0020D516 /* AvatarViewController.m */,
			);
			name = UserFlow;
			sourceTree = "<group>";
		};
		2B0B61CE1BD578AA0020D516 /* TableView */ = {
			isa = PBXGroup;
			children = (
				2B0B61BF1BD5704D0020D516 /* SelfieTableViewCell.h */,
				2B0B61C01BD5704D0020D516 /* SelfieTableViewCell.m */,
			);
			name = TableView;
			sourceTree = "<group>";
		};
		2B0B61CF1BD578FA0020D516 /* FilterView */ = {
			isa = PBXGroup;
			children = (
				2B0B61CB1BD578750020D516 /* FilterDataSource.h */,
				2B0B61CC1BD578750020D516 /* FilterDataSource.m */,
				2B0B61D01BD579A60020D516 /* FilterCollectionViewCell.h */,
				2B0B61D11BD579A60020D516 /* FilterCollectionViewCell.m */,
			);
			name = FilterView;
			sourceTree = "<group>";
		};
		2B5141351BD67560005A3C69 /* Frameworks */ = {
			isa = PBXGroup;
			children = (
				2B5141361BD67625005A3C69 /* libsqlite3.dylib */,
				2B5141371BD67625005A3C69 /* libz.1.dylib */,
				2B5141381BD67625005A3C69 /* AudioToolbox.framework */,
				2B5141391BD67625005A3C69 /* CFNetwork.framework */,
				2B51413A1BD67625005A3C69 /* CoreGraphics.framework */,
				2B51413B1BD67625005A3C69 /* CoreLocation.framework */,
				2B51413C1BD67625005A3C69 /* libz.tbd */,
				2B51413D1BD67625005A3C69 /* QuartzCore.framework */,
				2B51413E1BD67625005A3C69 /* Security.framework */,
				2B51413F1BD67625005A3C69 /* StoreKit.framework */,
				2B5141401BD67625005A3C69 /* SystemConfiguration.framework */,
				2B5141411BD67625005A3C69 /* libsqlite3.tbd */,
				2B5141421BD67625005A3C69 /* Bolts.framework */,
				2B5141431BD67625005A3C69 /* Parse.framework */,
			);
			name = Frameworks;
			path = Camera;
			sourceTree = "<group>";
		};
		2B8704F01BD526C500650F47 = {
			isa = PBXGroup;
			children = (
				2B8704FB1BD526C500650F47 /* Camera */,
				2B8704FA1BD526C500650F47 /* Products */,
				2B5141351BD67560005A3C69 /* Frameworks */,
			);
			sourceTree = "<group>";
		};
		2B8704FA1BD526C500650F47 /* Products */ = {
			isa = PBXGroup;
			children = (
				2B8704F91BD526C500650F47 /* Camera.app */,
			);
			name = Products;
			sourceTree = "<group>";
		};
		2B8704FB1BD526C500650F47 /* Camera */ = {
			isa = PBXGroup;
			children = (
				2B9666F51BD8106500E87500 /* ImageEditing.h */,
				2B8705051BD526C500650F47 /* Main.storyboard */,
				2B0B61B61BD56CD10020D516 /* MainFlow */,
				2B0B61B21BD56C160020D516 /* Create.storyboard */,
				2B0B61B71BD56CDA0020D516 /* CreateFlow */,
				2B0B61B81BD56CE80020D516 /* UserFlow */,
				2B0B61B41BD56C250020D516 /* User.storyboard */,
				2B8704FF1BD526C500650F47 /* AppDelegate.h */,
				2B8705001BD526C500650F47 /* AppDelegate.m */,
				2B8704FC1BD526C500650F47 /* Supporting Files */,
			);
			path = Camera;
			sourceTree = "<group>";
		};
		2B8704FC1BD526C500650F47 /* Supporting Files */ = {
			isa = PBXGroup;
			children = (
				2B8705081BD526C500650F47 /* Assets.xcassets */,
				2B87050A1BD526C500650F47 /* LaunchScreen.storyboard */,
				2B87050D1BD526C500650F47 /* Info.plist */,
				2B8704FD1BD526C500650F47 /* main.m */,
			);
			name = "Supporting Files";
			sourceTree = "<group>";
		};
/* End PBXGroup section */

/* Begin PBXNativeTarget section */
		2B8704F81BD526C500650F47 /* Camera */ = {
			isa = PBXNativeTarget;
			buildConfigurationList = 2B8705101BD526C500650F47 /* Build configuration list for PBXNativeTarget "Camera" */;
			buildPhases = (
				2B8704F51BD526C500650F47 /* Sources */,
				2B8704F61BD526C500650F47 /* Frameworks */,
				2B8704F71BD526C500650F47 /* Resources */,
			);
			buildRules = (
			);
			dependencies = (
			);
			name = Camera;
			productName = Camera;
			productReference = 2B8704F91BD526C500650F47 /* Camera.app */;
			productType = "com.apple.product-type.application";
		};
/* End PBXNativeTarget section */

/* Begin PBXProject section */
		2B8704F11BD526C500650F47 /* Project object */ = {
			isa = PBXProject;
			attributes = {
				LastUpgradeCheck = 0700;
				ORGANIZATIONNAME = "Joe E.";
				TargetAttributes = {
					2B8704F81BD526C500650F47 = {
						CreatedOnToolsVersion = 7.0.1;
					};
				};
			};
			buildConfigurationList = 2B8704F41BD526C500650F47 /* Build configuration list for PBXProject "Camera" */;
			compatibilityVersion = "Xcode 3.2";
			developmentRegion = English;
			hasScannedForEncodings = 0;
			knownRegions = (
				en,
				Base,
			);
			mainGroup = 2B8704F01BD526C500650F47;
			productRefGroup = 2B8704FA1BD526C500650F47 /* Products */;
			projectDirPath = "";
			projectRoot = "";
			targets = (
				2B8704F81BD526C500650F47 /* Camera */,
			);
		};
/* End PBXProject section */

/* Begin PBXResourcesBuildPhase section */
		2B8704F71BD526C500650F47 /* Resources */ = {
			isa = PBXResourcesBuildPhase;
			buildActionMask = 2147483647;
			files = (
				2B87050C1BD526C500650F47 /* LaunchScreen.storyboard in Resources */,
				2B0B61B51BD56C250020D516 /* User.storyboard in Resources */,
				2B8705091BD526C500650F47 /* Assets.xcassets in Resources */,
				2B0B61B31BD56C160020D516 /* Create.storyboard in Resources */,
				2B8705071BD526C500650F47 /* Main.storyboard in Resources */,
			);
			runOnlyForDeploymentPostprocessing = 0;
		};
/* End PBXResourcesBuildPhase section */

/* Begin PBXSourcesBuildPhase section */
		2B8704F51BD526C500650F47 /* Sources */ = {
			isa = PBXSourcesBuildPhase;
			buildActionMask = 2147483647;
			files = (
				2B0B61CD1BD578750020D516 /* FilterDataSource.m in Sources */,
				2B8705011BD526C500650F47 /* AppDelegate.m in Sources */,
				2B0B61BE1BD56ECF0020D516 /* SelfieDetailViewController.m in Sources */,
				2B0B61C11BD5704D0020D516 /* SelfieTableViewCell.m in Sources */,
				2B0B61BB1BD56EB60020D516 /* SelfieTableViewController.m in Sources */,
				2B0B61CA1BD578390020D516 /* SubmitViewController.m in Sources */,
				2B0B61D21BD579A60020D516 /* FilterCollectionViewCell.m in Sources */,
				2B0B61C71BD578240020D516 /* FilterViewController.m in Sources */,
				2B0B61D81BD580D40020D516 /* LoginViewController.m in Sources */,
				2B0B61DB1BD580FF0020D516 /* RegisterViewController.m in Sources */,
				2B8704FE1BD526C500650F47 /* main.m in Sources */,
				2B0B61C41BD578030020D516 /* CaptureViewController.m in Sources */,
				2B0B61D51BD580B50020D516 /* ChoiceViewController.m in Sources */,
				2B0B61DE1BD5816F0020D516 /* AvatarViewController.m in Sources */,
			);
			runOnlyForDeploymentPostprocessing = 0;
		};
/* End PBXSourcesBuildPhase section */

/* Begin PBXVariantGroup section */
		2B8705051BD526C500650F47 /* Main.storyboard */ = {
			isa = PBXVariantGroup;
			children = (
				2B8705061BD526C500650F47 /* Base */,
			);
			name = Main.storyboard;
			sourceTree = "<group>";
		};
		2B87050A1BD526C500650F47 /* LaunchScreen.storyboard */ = {
			isa = PBXVariantGroup;
			children = (
				2B87050B1BD526C500650F47 /* Base */,
			);
			name = LaunchScreen.storyboard;
			sourceTree = "<group>";
		};
/* End PBXVariantGroup section */

/* Begin XCBuildConfiguration section */
		2B87050E1BD526C500650F47 /* Debug */ = {
			isa = XCBuildConfiguration;
			buildSettings = {
				ALWAYS_SEARCH_USER_PATHS = NO;
				CLANG_CXX_LANGUAGE_STANDARD = "gnu++0x";
				CLANG_CXX_LIBRARY = "libc++";
				CLANG_ENABLE_MODULES = YES;
				CLANG_ENABLE_OBJC_ARC = YES;
				CLANG_WARN_BOOL_CONVERSION = YES;
				CLANG_WARN_CONSTANT_CONVERSION = YES;
				CLANG_WARN_DIRECT_OBJC_ISA_USAGE = YES_ERROR;
				CLANG_WARN_EMPTY_BODY = YES;
				CLANG_WARN_ENUM_CONVERSION = YES;
				CLANG_WARN_INT_CONVERSION = YES;
				CLANG_WARN_OBJC_ROOT_CLASS = YES_ERROR;
				CLANG_WARN_UNREACHABLE_CODE = YES;
				CLANG_WARN__DUPLICATE_METHOD_MATCH = YES;
				"CODE_SIGN_IDENTITY[sdk=iphoneos*]" = "iPhone Developer";
				COPY_PHASE_STRIP = NO;
				DEBUG_INFORMATION_FORMAT = dwarf;
				ENABLE_STRICT_OBJC_MSGSEND = YES;
				ENABLE_TESTABILITY = YES;
				GCC_C_LANGUAGE_STANDARD = gnu99;
				GCC_DYNAMIC_NO_PIC = NO;
				GCC_NO_COMMON_BLOCKS = YES;
				GCC_OPTIMIZATION_LEVEL = 0;
				GCC_PREPROCESSOR_DEFINITIONS = (
					"DEBUG=1",
					"$(inherited)",
				);
				GCC_WARN_64_TO_32_BIT_CONVERSION = YES;
				GCC_WARN_ABOUT_RETURN_TYPE = YES_ERROR;
				GCC_WARN_UNDECLARED_SELECTOR = YES;
				GCC_WARN_UNINITIALIZED_AUTOS = YES_AGGRESSIVE;
				GCC_WARN_UNUSED_FUNCTION = YES;
				GCC_WARN_UNUSED_VARIABLE = YES;
				IPHONEOS_DEPLOYMENT_TARGET = 9.0;
				MTL_ENABLE_DEBUG_INFO = YES;
				ONLY_ACTIVE_ARCH = YES;
				SDKROOT = iphoneos;
				TARGETED_DEVICE_FAMILY = "1,2";
			};
			name = Debug;
		};
		2B87050F1BD526C500650F47 /* Release */ = {
			isa = XCBuildConfiguration;
			buildSettings = {
				ALWAYS_SEARCH_USER_PATHS = NO;
				CLANG_CXX_LANGUAGE_STANDARD = "gnu++0x";
				CLANG_CXX_LIBRARY = "libc++";
				CLANG_ENABLE_MODULES = YES;
				CLANG_ENABLE_OBJC_ARC = YES;
				CLANG_WARN_BOOL_CONVERSION = YES;
				CLANG_WARN_CONSTANT_CONVERSION = YES;
				CLANG_WARN_DIRECT_OBJC_ISA_USAGE = YES_ERROR;
				CLANG_WARN_EMPTY_BODY = YES;
				CLANG_WARN_ENUM_CONVERSION = YES;
				CLANG_WARN_INT_CONVERSION = YES;
				CLANG_WARN_OBJC_ROOT_CLASS = YES_ERROR;
				CLANG_WARN_UNREACHABLE_CODE = YES;
				CLANG_WARN__DUPLICATE_METHOD_MATCH = YES;
				"CODE_SIGN_IDENTITY[sdk=iphoneos*]" = "iPhone Developer";
				COPY_PHASE_STRIP = NO;
				DEBUG_INFORMATION_FORMAT = "dwarf-with-dsym";
				ENABLE_NS_ASSERTIONS = NO;
				ENABLE_STRICT_OBJC_MSGSEND = YES;
				GCC_C_LANGUAGE_STANDARD = gnu99;
				GCC_NO_COMMON_BLOCKS = YES;
				GCC_WARN_64_TO_32_BIT_CONVERSION = YES;
				GCC_WARN_ABOUT_RETURN_TYPE = YES_ERROR;
				GCC_WARN_UNDECLARED_SELECTOR = YES;
				GCC_WARN_UNINITIALIZED_AUTOS = YES_AGGRESSIVE;
				GCC_WARN_UNUSED_FUNCTION = YES;
				GCC_WARN_UNUSED_VARIABLE = YES;
				IPHONEOS_DEPLOYMENT_TARGET = 9.0;
				MTL_ENABLE_DEBUG_INFO = NO;
				SDKROOT = iphoneos;
				TARGETED_DEVICE_FAMILY = "1,2";
				VALIDATE_PRODUCT = YES;
			};
			name = Release;
		};
		2B8705111BD526C500650F47 /* Debug */ = {
			isa = XCBuildConfiguration;
			buildSettings = {
				ASSETCATALOG_COMPILER_APPICON_NAME = AppIcon;
				FRAMEWORK_SEARCH_PATHS = "/Users/JE4440/Development/_resources/Frameworks/**";
				INFOPLIST_FILE = Camera/Info.plist;
				LD_RUNPATH_SEARCH_PATHS = "$(inherited) @executable_path/Frameworks";
				PRODUCT_BUNDLE_IDENTIFIER = com.Montchat.Camera;
				PRODUCT_NAME = "$(TARGET_NAME)";
			};
			name = Debug;
		};
		2B8705121BD526C500650F47 /* Release */ = {
			isa = XCBuildConfiguration;
			buildSettings = {
				ASSETCATALOG_COMPILER_APPICON_NAME = AppIcon;
				FRAMEWORK_SEARCH_PATHS = "/Users/JE4440/Development/_resources/Frameworks/**";
				INFOPLIST_FILE = Camera/Info.plist;
				LD_RUNPATH_SEARCH_PATHS = "$(inherited) @executable_path/Frameworks";
				PRODUCT_BUNDLE_IDENTIFIER = com.Montchat.Camera;
				PRODUCT_NAME = "$(TARGET_NAME)";
			};
			name = Release;
		};
/* End XCBuildConfiguration section */

/* Begin XCConfigurationList section */
		2B8704F41BD526C500650F47 /* Build configuration list for PBXProject "Camera" */ = {
			isa = XCConfigurationList;
			buildConfigurations = (
				2B87050E1BD526C500650F47 /* Debug */,
				2B87050F1BD526C500650F47 /* Release */,
			);
			defaultConfigurationIsVisible = 0;
			defaultConfigurationName = Release;
		};
		2B8705101BD526C500650F47 /* Build configuration list for PBXNativeTarget "Camera" */ = {
			isa = XCConfigurationList;
			buildConfigurations = (
				2B8705111BD526C500650F47 /* Debug */,
				2B8705121BD526C500650F47 /* Release */,
			);
			defaultConfigurationIsVisible = 0;
			defaultConfigurationName = Release;
		};
/* End XCConfigurationList section */
	};
	rootObject = 2B8704F11BD526C500650F47 /* Project object */;
}
